// !$*UTF8*$!
{
	archiveVersion = 1;
	classes = {
	};
	objectVersion = 56;
	objects = {

/* Begin PBXBuildFile section */
		21AD55CE284F7B6000B16A71 /* SwiftUIFurnitureAppApp.swift in Sources */ = {isa = PBXBuildFile; fileRef = 21AD55CD284F7B6000B16A71 /* SwiftUIFurnitureAppApp.swift */; };
		21AD55D0284F7B6000B16A71 /* ContentView.swift in Sources */ = {isa = PBXBuildFile; fileRef = 21AD55CF284F7B6000B16A71 /* ContentView.swift */; };
		21AD55D2284F7B6000B16A71 /* Assets.xcassets in Resources */ = {isa = PBXBuildFile; fileRef = 21AD55D1284F7B6000B16A71 /* Assets.xcassets */; };
		21AD55D5284F7B6000B16A71 /* Preview Assets.xcassets in Resources */ = {isa = PBXBuildFile; fileRef = 21AD55D4284F7B6000B16A71 /* Preview Assets.xcassets */; };
		21AD5602284FAB8B00B16A71 /* CustomTabBar.swift in Sources */ = {isa = PBXBuildFile; fileRef = 21AD5600284FAB8B00B16A71 /* CustomTabBar.swift */; };
		21AD5603284FAB8B00B16A71 /* BottomCurve.swift in Sources */ = {isa = PBXBuildFile; fileRef = 21AD5601284FAB8B00B16A71 /* BottomCurve.swift */; };
		21AD5605284FB14200B16A71 /* Home.swift in Sources */ = {isa = PBXBuildFile; fileRef = 21AD5604284FB14200B16A71 /* Home.swift */; };
		21AD5607284FB19900B16A71 /* AppViewModel.swift in Sources */ = {isa = PBXBuildFile; fileRef = 21AD5606284FB19900B16A71 /* AppViewModel.swift */; };
		21AD56092850FF2500B16A71 /* MainView.swift in Sources */ = {isa = PBXBuildFile; fileRef = 21AD56082850FF2500B16A71 /* MainView.swift */; };
		21AD560B2851046300B16A71 /* Furniture.swift in Sources */ = {isa = PBXBuildFile; fileRef = 21AD560A2851046300B16A71 /* Furniture.swift */; };
		21AD560D2851098200B16A71 /* DetailView.swift in Sources */ = {isa = PBXBuildFile; fileRef = 21AD560C2851098200B16A71 /* DetailView.swift */; };
/* End PBXBuildFile section */

/* Begin PBXFileReference section */
		21AD55CA284F7B6000B16A71 /* SwiftUIFurnitureApp.app */ = {isa = PBXFileReference; explicitFileType = wrapper.application; includeInIndex = 0; path = SwiftUIFurnitureApp.app; sourceTree = BUILT_PRODUCTS_DIR; };
		21AD55CD284F7B6000B16A71 /* SwiftUIFurnitureAppApp.swift */ = {isa = PBXFileReference; lastKnownFileType = sourcecode.swift; path = SwiftUIFurnitureAppApp.swift; sourceTree = "<group>"; };
		21AD55CF284F7B6000B16A71 /* ContentView.swift */ = {isa = PBXFileReference; lastKnownFileType = sourcecode.swift; path = ContentView.swift; sourceTree = "<group>"; };
		21AD55D1284F7B6000B16A71 /* Assets.xcassets */ = {isa = PBXFileReference; lastKnownFileType = folder.assetcatalog; path = Assets.xcassets; sourceTree = "<group>"; };
		21AD55D4284F7B6000B16A71 /* Preview Assets.xcassets */ = {isa = PBXFileReference; lastKnownFileType = folder.assetcatalog; path = "Preview Assets.xcassets"; sourceTree = "<group>"; };
		21AD5600284FAB8B00B16A71 /* CustomTabBar.swift */ = {isa = PBXFileReference; fileEncoding = 4; lastKnownFileType = sourcecode.swift; path = CustomTabBar.swift; sourceTree = "<group>"; };
		21AD5601284FAB8B00B16A71 /* BottomCurve.swift */ = {isa = PBXFileReference; fileEncoding = 4; lastKnownFileType = sourcecode.swift; path = BottomCurve.swift; sourceTree = "<group>"; };
		21AD5604284FB14200B16A71 /* Home.swift */ = {isa = PBXFileReference; lastKnownFileType = sourcecode.swift; path = Home.swift; sourceTree = "<group>"; };
		21AD5606284FB19900B16A71 /* AppViewModel.swift */ = {isa = PBXFileReference; lastKnownFileType = sourcecode.swift; path = AppViewModel.swift; sourceTree = "<group>"; };
		21AD56082850FF2500B16A71 /* MainView.swift */ = {isa = PBXFileReference; lastKnownFileType = sourcecode.swift; path = MainView.swift; sourceTree = "<group>"; };
		21AD560A2851046300B16A71 /* Furniture.swift */ = {isa = PBXFileReference; lastKnownFileType = sourcecode.swift; path = Furniture.swift; sourceTree = "<group>"; };
		21AD560C2851098200B16A71 /* DetailView.swift */ = {isa = PBXFileReference; lastKnownFileType = sourcecode.swift; path = DetailView.swift; sourceTree = "<group>"; };
/* End PBXFileReference section */

/* Begin PBXFrameworksBuildPhase section */
		21AD55C7284F7B6000B16A71 /* Frameworks */ = {
			isa = PBXFrameworksBuildPhase;
			buildActionMask = 2147483647;
			files = (
			);
			runOnlyForDeploymentPostprocessing = 0;
		};
/* End PBXFrameworksBuildPhase section */

/* Begin PBXGroup section */
		21AD55C1284F7B6000B16A71 = {
			isa = PBXGroup;
			children = (
				21AD55CC284F7B6000B16A71 /* SwiftUIFurnitureApp */,
				21AD55CB284F7B6000B16A71 /* Products */,
			);
			sourceTree = "<group>";
		};
		21AD55CB284F7B6000B16A71 /* Products */ = {
			isa = PBXGroup;
			children = (
				21AD55CA284F7B6000B16A71 /* SwiftUIFurnitureApp.app */,
			);
			name = Products;
			sourceTree = "<group>";
		};
		21AD55CC284F7B6000B16A71 /* SwiftUIFurnitureApp */ = {
			isa = PBXGroup;
			children = (
				21AD55DD284F7D7400B16A71 /* ViewModel */,
				21AD55DC284F7D6F00B16A71 /* View */,
				21AD55DB284F7D6800B16A71 /* Model */,
				21AD55CD284F7B6000B16A71 /* SwiftUIFurnitureAppApp.swift */,
				21AD55CF284F7B6000B16A71 /* ContentView.swift */,
				21AD55D1284F7B6000B16A71 /* Assets.xcassets */,
				21AD55D3284F7B6000B16A71 /* Preview Content */,
			);
			path = SwiftUIFurnitureApp;
			sourceTree = "<group>";
		};
		21AD55D3284F7B6000B16A71 /* Preview Content */ = {
			isa = PBXGroup;
			children = (
				21AD55D4284F7B6000B16A71 /* Preview Assets.xcassets */,
			);
			path = "Preview Content";
			sourceTree = "<group>";
		};
		21AD55DB284F7D6800B16A71 /* Model */ = {
			isa = PBXGroup;
			children = (
				21AD560A2851046300B16A71 /* Furniture.swift */,
			);
			path = Model;
			sourceTree = "<group>";
		};
		21AD55DC284F7D6F00B16A71 /* View */ = {
			isa = PBXGroup;
			children = (
				21AD55FF284FAB7600B16A71 /* CustomTabBar */,
				21AD5604284FB14200B16A71 /* Home.swift */,
				21AD56082850FF2500B16A71 /* MainView.swift */,
				21AD560C2851098200B16A71 /* DetailView.swift */,
			);
			path = View;
			sourceTree = "<group>";
		};
		21AD55DD284F7D7400B16A71 /* ViewModel */ = {
			isa = PBXGroup;
			children = (
				21AD5606284FB19900B16A71 /* AppViewModel.swift */,
			);
			path = ViewModel;
			sourceTree = "<group>";
		};
		21AD55FF284FAB7600B16A71 /* CustomTabBar */ = {
			isa = PBXGroup;
			children = (
				21AD5601284FAB8B00B16A71 /* BottomCurve.swift */,
				21AD5600284FAB8B00B16A71 /* CustomTabBar.swift */,
			);
			path = CustomTabBar;
			sourceTree = "<group>";
		};
/* End PBXGroup section */

/* Begin PBXNativeTarget section */
		21AD55C9284F7B6000B16A71 /* SwiftUIFurnitureApp */ = {
			isa = PBXNativeTarget;
			buildConfigurationList = 21AD55D8284F7B6000B16A71 /* Build configuration list for PBXNativeTarget "SwiftUIFurnitureApp" */;
			buildPhases = (
				21AD55C6284F7B6000B16A71 /* Sources */,
				21AD55C7284F7B6000B16A71 /* Frameworks */,
				21AD55C8284F7B6000B16A71 /* Resources */,
			);
			buildRules = (
			);
			dependencies = (
			);
			name = SwiftUIFurnitureApp;
			productName = SwiftUIFurnitureApp;
			productReference = 21AD55CA284F7B6000B16A71 /* SwiftUIFurnitureApp.app */;
			productType = "com.apple.product-type.application";
		};
/* End PBXNativeTarget section */

/* Begin PBXProject section */
		21AD55C2284F7B6000B16A71 /* Project object */ = {
			isa = PBXProject;
			attributes = {
				BuildIndependentTargetsInParallel = 1;
				LastSwiftUpdateCheck = 1400;
				LastUpgradeCheck = 1400;
				TargetAttributes = {
					21AD55C9284F7B6000B16A71 = {
						CreatedOnToolsVersion = 14.0;
					};
				};
			};
			buildConfigurationList = 21AD55C5284F7B6000B16A71 /* Build configuration list for PBXProject "SwiftUIFurnitureApp" */;
			compatibilityVersion = "Xcode 14.0";
			developmentRegion = en;
			hasScannedForEncodings = 0;
			knownRegions = (
				en,
				Base,
			);
			mainGroup = 21AD55C1284F7B6000B16A71;
			productRefGroup = 21AD55CB284F7B6000B16A71 /* Products */;
			projectDirPath = "";
			projectRoot = "";
			targets = (
				21AD55C9284F7B6000B16A71 /* SwiftUIFurnitureApp */,
			);
		};
/* End PBXProject section */

/* Begin PBXResourcesBuildPhase section */
		21AD55C8284F7B6000B16A71 /* Resources */ = {
			isa = PBXResourcesBuildPhase;
			buildActionMask = 2147483647;
			files = (
				21AD55D5284F7B6000B16A71 /* Preview Assets.xcassets in Resources */,
				21AD55D2284F7B6000B16A71 /* Assets.xcassets in Resources */,
			);
			runOnlyForDeploymentPostprocessing = 0;
		};
/* End PBXResourcesBuildPhase section */

/* Begin PBXSourcesBuildPhase section */
		21AD55C6284F7B6000B16A71 /* Sources */ = {
			isa = PBXSourcesBuildPhase;
			buildActionMask = 2147483647;
			files = (
				21AD55D0284F7B6000B16A71 /* ContentView.swift in Sources */,
				21AD560D2851098200B16A71 /* DetailView.swift in Sources */,
				21AD56092850FF2500B16A71 /* MainView.swift in Sources */,
				21AD5602284FAB8B00B16A71 /* CustomTabBar.swift in Sources */,
				21AD5607284FB19900B16A71 /* AppViewModel.swift in Sources */,
				21AD5605284FB14200B16A71 /* Home.swift in Sources */,
				21AD5603284FAB8B00B16A71 /* BottomCurve.swift in Sources */,
				21AD560B2851046300B16A71 /* Furniture.swift in Sources */,
				21AD55CE284F7B6000B16A71 /* SwiftUIFurnitureAppApp.swift in Sources */,
			);
			runOnlyForDeploymentPostprocessing = 0;
		};
/* End PBXSourcesBuildPhase section */

/* Begin XCBuildConfiguration section */
		21AD55D6284F7B6000B16A71 /* Debug */ = {
			isa = XCBuildConfiguration;
			buildSettings = {
				ALWAYS_SEARCH_USER_PATHS = NO;
				CLANG_ANALYZER_NONNULL = YES;
				CLANG_ANALYZER_NUMBER_OBJECT_CONVERSION = YES_AGGRESSIVE;
				CLANG_CXX_LANGUAGE_STANDARD = "gnu++17";
				CLANG_ENABLE_MODULES = YES;
				CLANG_ENABLE_OBJC_ARC = YES;
				CLANG_ENABLE_OBJC_WEAK = YES;
				CLANG_WARN_BLOCK_CAPTURE_AUTORELEASING = YES;
				CLANG_WARN_BOOL_CONVERSION = YES;
				CLANG_WARN_COMMA = YES;
				CLANG_WARN_CONSTANT_CONVERSION = YES;
				CLANG_WARN_DEPRECATED_OBJC_IMPLEMENTATIONS = YES;
				CLANG_WARN_DIRECT_OBJC_ISA_USAGE = YES_ERROR;
				CLANG_WARN_DOCUMENTATION_COMMENTS = YES;
				CLANG_WARN_EMPTY_BODY = YES;
				CLANG_WARN_ENUM_CONVERSION = YES;
				CLANG_WARN_INFINITE_RECURSION = YES;
				CLANG_WARN_INT_CONVERSION = YES;
				CLANG_WARN_NON_LITERAL_NULL_CONVERSION = YES;
				CLANG_WARN_OBJC_IMPLICIT_RETAIN_SELF = YES;
				CLANG_WARN_OBJC_LITERAL_CONVERSION = YES;
				CLANG_WARN_OBJC_ROOT_CLASS = YES_ERROR;
				CLANG_WARN_QUOTED_INCLUDE_IN_FRAMEWORK_HEADER = YES;
				CLANG_WARN_RANGE_LOOP_ANALYSIS = YES;
				CLANG_WARN_STRICT_PROTOTYPES = YES;
				CLANG_WARN_SUSPICIOUS_MOVE = YES;
				CLANG_WARN_UNGUARDED_AVAILABILITY = YES_AGGRESSIVE;
				CLANG_WARN_UNREACHABLE_CODE = YES;
				CLANG_WARN__DUPLICATE_METHOD_MATCH = YES;
				COPY_PHASE_STRIP = NO;
				DEBUG_INFORMATION_FORMAT = dwarf;
				ENABLE_STRICT_OBJC_MSGSEND = YES;
				ENABLE_TESTABILITY = YES;
				GCC_C_LANGUAGE_STANDARD = gnu11;
				GCC_DYNAMIC_NO_PIC = NO;
				GCC_NO_COMMON_BLOCKS = YES;
				GCC_OPTIMIZATION_LEVEL = 0;
				GCC_PREPROCESSOR_DEFINITIONS = (
					"DEBUG=1",
					"$(inherited)",
				);
				GCC_WARN_64_TO_32_BIT_CONVERSION = YES;
				GCC_WARN_ABOUT_RETURN_TYPE = YES_ERROR;
				GCC_WARN_UNDECLARED_SELECTOR = YES;
				GCC_WARN_UNINITIALIZED_AUTOS = YES_AGGRESSIVE;
				GCC_WARN_UNUSED_FUNCTION = YES;
				GCC_WARN_UNUSED_VARIABLE = YES;
				IPHONEOS_DEPLOYMENT_TARGET = 16.0;
				MTL_ENABLE_DEBUG_INFO = INCLUDE_SOURCE;
				MTL_FAST_MATH = YES;
				ONLY_ACTIVE_ARCH = YES;
				SDKROOT = iphoneos;
				SWIFT_ACTIVE_COMPILATION_CONDITIONS = DEBUG;
				SWIFT_OPTIMIZATION_LEVEL = "-Onone";
			};
			name = Debug;
		};
		21AD55D7284F7B6000B16A71 /* Release */ = {
			isa = XCBuildConfiguration;
			buildSettings = {
				ALWAYS_SEARCH_USER_PATHS = NO;
				CLANG_ANALYZER_NONNULL = YES;
				CLANG_ANALYZER_NUMBER_OBJECT_CONVERSION = YES_AGGRESSIVE;
				CLANG_CXX_LANGUAGE_STANDARD = "gnu++17";
				CLANG_ENABLE_MODULES = YES;
				CLANG_ENABLE_OBJC_ARC = YES;
				CLANG_ENABLE_OBJC_WEAK = YES;
				CLANG_WARN_BLOCK_CAPTURE_AUTORELEASING = YES;
				CLANG_WARN_BOOL_CONVERSION = YES;
				CLANG_WARN_COMMA = YES;
				CLANG_WARN_CONSTANT_CONVERSION = YES;
				CLANG_WARN_DEPRECATED_OBJC_IMPLEMENTATIONS = YES;
				CLANG_WARN_DIRECT_OBJC_ISA_USAGE = YES_ERROR;
				CLANG_WARN_DOCUMENTATION_COMMENTS = YES;
				CLANG_WARN_EMPTY_BODY = YES;
				CLANG_WARN_ENUM_CONVERSION = YES;
				CLANG_WARN_INFINITE_RECURSION = YES;
				CLANG_WARN_INT_CONVERSION = YES;
				CLANG_WARN_NON_LITERAL_NULL_CONVERSION = YES;
				CLANG_WARN_OBJC_IMPLICIT_RETAIN_SELF = YES;
				CLANG_WARN_OBJC_LITERAL_CONVERSION = YES;
				CLANG_WARN_OBJC_ROOT_CLASS = YES_ERROR;
				CLANG_WARN_QUOTED_INCLUDE_IN_FRAMEWORK_HEADER = YES;
				CLANG_WARN_RANGE_LOOP_ANALYSIS = YES;
				CLANG_WARN_STRICT_PROTOTYPES = YES;
				CLANG_WARN_SUSPICIOUS_MOVE = YES;
				CLANG_WARN_UNGUARDED_AVAILABILITY = YES_AGGRESSIVE;
				CLANG_WARN_UNREACHABLE_CODE = YES;
				CLANG_WARN__DUPLICATE_METHOD_MATCH = YES;
				COPY_PHASE_STRIP = NO;
				DEBUG_INFORMATION_FORMAT = "dwarf-with-dsym";
				ENABLE_NS_ASSERTIONS = NO;
				ENABLE_STRICT_OBJC_MSGSEND = YES;
				GCC_C_LANGUAGE_STANDARD = gnu11;
				GCC_NO_COMMON_BLOCKS = YES;
				GCC_WARN_64_TO_32_BIT_CONVERSION = YES;
				GCC_WARN_ABOUT_RETURN_TYPE = YES_ERROR;
				GCC_WARN_UNDECLARED_SELECTOR = YES;
				GCC_WARN_UNINITIALIZED_AUTOS = YES_AGGRESSIVE;
				GCC_WARN_UNUSED_FUNCTION = YES;
				GCC_WARN_UNUSED_VARIABLE = YES;
				IPHONEOS_DEPLOYMENT_TARGET = 16.0;
				MTL_ENABLE_DEBUG_INFO = NO;
				MTL_FAST_MATH = YES;
				SDKROOT = iphoneos;
				SWIFT_COMPILATION_MODE = wholemodule;
				SWIFT_OPTIMIZATION_LEVEL = "-O";
				VALIDATE_PRODUCT = YES;
			};
			name = Release;
		};
		21AD55D9284F7B6000B16A71 /* Debug */ = {
			isa = XCBuildConfiguration;
			buildSettings = {
				ASSETCATALOG_COMPILER_APPICON_NAME = AppIcon;
				ASSETCATALOG_COMPILER_GLOBAL_ACCENT_COLOR_NAME = AccentColor;
				CODE_SIGN_STYLE = Automatic;
				CURRENT_PROJECT_VERSION = 1;
				DEVELOPMENT_ASSET_PATHS = "\"SwiftUIFurnitureApp/Preview Content\"";
				DEVELOPMENT_TEAM = 937653S469;
				ENABLE_PREVIEWS = YES;
				GENERATE_INFOPLIST_FILE = YES;
				INFOPLIST_KEY_UIApplicationSceneManifest_Generation = YES;
				INFOPLIST_KEY_UIApplicationSupportsIndirectInputEvents = YES;
				INFOPLIST_KEY_UILaunchScreen_Generation = YES;
				INFOPLIST_KEY_UISupportedInterfaceOrientations_iPad = "UIInterfaceOrientationPortrait UIInterfaceOrientationPortraitUpsideDown UIInterfaceOrientationLandscapeLeft UIInterfaceOrientationLandscapeRight";
				INFOPLIST_KEY_UISupportedInterfaceOrientations_iPhone = "UIInterfaceOrientationPortrait UIInterfaceOrientationLandscapeLeft UIInterfaceOrientationLandscapeRight";
				LD_RUNPATH_SEARCH_PATHS = (
					"$(inherited)",
					"@executable_path/Frameworks",
				);
				MARKETING_VERSION = 1.0;
				PRODUCT_BUNDLE_IDENTIFIER = com.ricardocsilva.SwiftUIFurnitureApp;
				PRODUCT_NAME = "$(TARGET_NAME)";
				SWIFT_EMIT_LOC_STRINGS = YES;
				SWIFT_VERSION = 5.0;
				TARGETED_DEVICE_FAMILY = "1,2";
			};
			name = Debug;
		};
		21AD55DA284F7B6000B16A71 /* Release */ = {
			isa = XCBuildConfiguration;
			buildSettings = {
				ASSETCATALOG_COMPILER_APPICON_NAME = AppIcon;
				ASSETCATALOG_COMPILER_GLOBAL_ACCENT_COLOR_NAME = AccentColor;
				CODE_SIGN_STYLE = Automatic;
				CURRENT_PROJECT_VERSION = 1;
				DEVELOPMENT_ASSET_PATHS = "\"SwiftUIFurnitureApp/Preview Content\"";
				DEVELOPMENT_TEAM = 937653S469;
				ENABLE_PREVIEWS = YES;
				GENERATE_INFOPLIST_FILE = YES;
				INFOPLIST_KEY_UIApplicationSceneManifest_Generation = YES;
				INFOPLIST_KEY_UIApplicationSupportsIndirectInputEvents = YES;
				INFOPLIST_KEY_UILaunchScreen_Generation = YES;
				INFOPLIST_KEY_UISupportedInterfaceOrientations_iPad = "UIInterfaceOrientationPortrait UIInterfaceOrientationPortraitUpsideDown UIInterfaceOrientationLandscapeLeft UIInterfaceOrientationLandscapeRight";
				INFOPLIST_KEY_UISupportedInterfaceOrientations_iPhone = "UIInterfaceOrientationPortrait UIInterfaceOrientationLandscapeLeft UIInterfaceOrientationLandscapeRight";
				LD_RUNPATH_SEARCH_PATHS = (
					"$(inherited)",
					"@executable_path/Frameworks",
				);
				MARKETING_VERSION = 1.0;
				PRODUCT_BUNDLE_IDENTIFIER = com.ricardocsilva.SwiftUIFurnitureApp;
				PRODUCT_NAME = "$(TARGET_NAME)";
				SWIFT_EMIT_LOC_STRINGS = YES;
				SWIFT_VERSION = 5.0;
				TARGETED_DEVICE_FAMILY = "1,2";
			};
			name = Release;
		};
/* End XCBuildConfiguration section */

/* Begin XCConfigurationList section */
		21AD55C5284F7B6000B16A71 /* Build configuration list for PBXProject "SwiftUIFurnitureApp" */ = {
			isa = XCConfigurationList;
			buildConfigurations = (
				21AD55D6284F7B6000B16A71 /* Debug */,
				21AD55D7284F7B6000B16A71 /* Release */,
			);
			defaultConfigurationIsVisible = 0;
			defaultConfigurationName = Release;
		};
		21AD55D8284F7B6000B16A71 /* Build configuration list for PBXNativeTarget "SwiftUIFurnitureApp" */ = {
			isa = XCConfigurationList;
			buildConfigurations = (
				21AD55D9284F7B6000B16A71 /* Debug */,
				21AD55DA284F7B6000B16A71 /* Release */,
			);
			defaultConfigurationIsVisible = 0;
			defaultConfigurationName = Release;
		};
/* End XCConfigurationList section */
	};
	rootObject = 21AD55C2284F7B6000B16A71 /* Project object */;
}
